{
  "name": "sonic-client-web",
  "version": "1.0.0",
  "lockfileVersion": 1,
  "requires": true,
  "dependencies": {
    "@babel/parser": {
      "version": "7.15.3",
      "resolved": "https://registry.npmjs.org/@babel/parser/-/parser-7.15.3.tgz",
      "integrity": "sha512-O0L6v/HvqbdJawj0iBEfVQMc3/6WP+AeOsovsIgBFyJaG+W2w7eqvZB7puddATmWuARlm1SX7DwxJ/JJUnDpEA=="
    },
    "@element-plus/icons": {
      "version": "0.0.11",
      "resolved": "https://registry.nlark.com/@element-plus/icons/download/@element-plus/icons-0.0.11.tgz",
      "integrity": "sha1-mxh8ACd0VIuRGFDRf6X8L5pRX1c="
    },
    "@popperjs/core": {
      "version": "2.10.1",
      "resolved": "https://registry.nlark.com/@popperjs/core/download/@popperjs/core-2.10.1.tgz?cache=0&sync_timestamp=1630646750615&other_urls=https%3A%2F%2Fregistry.nlark.com%2F%40popperjs%2Fcore%2Fdownload%2F%40popperjs%2Fcore-2.10.1.tgz",
      "integrity": "sha1-co7NlasgequKmk5CHwQi2zKSMr4="
    },
    "@vitejs/plugin-vue": {
      "version": "1.9.0",
      "resolved": "https://registry.nlark.com/@vitejs/plugin-vue/download/@vitejs/plugin-vue-1.9.0.tgz",
      "integrity": "sha1-rkWKLqrB0G76yNcaRCfV10JGbXI=",
      "dev": true
    },
    "@vue/compiler-core": {
      "version": "3.2.14",
      "resolved": "https://registry.npmmirror.com/@vue/compiler-core/download/@vue/compiler-core-3.2.14.tgz",
      "integrity": "sha1-CTv1cu4qbH7es6FbEwG5EDde5Pw=",
      "dev": true,
      "requires": {
        "@babel/parser": "^7.15.0",
        "@vue/shared": "3.2.14",
        "estree-walker": "^2.0.2",
        "source-map": "^0.6.1"
      }
    },
    "@vue/compiler-dom": {
      "version": "3.2.14",
      "resolved": "https://registry.npmmirror.com/@vue/compiler-dom/download/@vue/compiler-dom-3.2.14.tgz",
      "integrity": "sha1-rN2rrpRwTfVDRI4qwx/kdqcNgwc=",
      "dev": true,
      "requires": {
        "@vue/compiler-core": "3.2.14",
        "@vue/shared": "3.2.14"
      }
    },
    "@vue/compiler-sfc": {
      "version": "3.2.14",
      "resolved": "https://registry.npmmirror.com/@vue/compiler-sfc/download/@vue/compiler-sfc-3.2.14.tgz",
      "integrity": "sha1-9I7v6MM1AtWGHMG7/l/Svw5n0tI=",
      "dev": true,
      "requires": {
        "@babel/parser": "^7.15.0",
        "@vue/compiler-core": "3.2.14",
        "@vue/compiler-dom": "3.2.14",
        "@vue/compiler-ssr": "3.2.14",
        "@vue/ref-transform": "3.2.14",
        "@vue/shared": "3.2.14",
        "estree-walker": "^2.0.2",
        "magic-string": "^0.25.7",
        "postcss": "^8.1.10",
        "source-map": "^0.6.1"
      }
    },
    "@vue/compiler-ssr": {
      "version": "3.2.14",
      "resolved": "https://registry.npmmirror.com/@vue/compiler-ssr/download/@vue/compiler-ssr-3.2.14.tgz",
      "integrity": "sha1-dSBMEHldYd0/9FsPmbqXs9hMrhE=",
      "dev": true,
      "requires": {
        "@vue/compiler-dom": "3.2.14",
        "@vue/shared": "3.2.14"
      }
    },
    "@vue/devtools-api": {
      "version": "6.0.0-beta.15",
      "resolved": "https://registry.nlark.com/@vue/devtools-api/download/@vue/devtools-api-6.0.0-beta.15.tgz",
      "integrity": "sha1-rXyzhOBi8WW8+cg3MhJb/7wq2D0="
    },
    "@vue/reactivity": {
      "version": "3.2.14",
      "resolved": "https://registry.npmmirror.com/@vue/reactivity/download/@vue/reactivity-3.2.14.tgz",
      "integrity": "sha1-XLFSCe6TE8tQ7Zsg/dEI6iqQT3c=",
      "requires": {
        "@vue/shared": "3.2.14"
      },
      "dependencies": {
        "@vue/shared": {
          "version": "3.2.14",
          "resolved": "https://registry.npmmirror.com/@vue/shared/download/@vue/shared-3.2.14.tgz",
          "integrity": "sha1-m4ggmKAEuZUSS3V3s1cTWmbZIu8="
        }
      }
    },
    "@vue/ref-transform": {
      "version": "3.2.14",
      "resolved": "https://registry.npmmirror.com/@vue/ref-transform/download/@vue/ref-transform-3.2.14.tgz",
      "integrity": "sha1-qnPLmasI1PyAjrpjO5wC2VTNoxo=",
      "dev": true,
      "requires": {
        "@babel/parser": "^7.15.0",
        "@vue/compiler-core": "3.2.14",
        "@vue/shared": "3.2.14",
        "estree-walker": "^2.0.2",
        "magic-string": "^0.25.7"
      }
    },
    "@vue/runtime-core": {
      "version": "3.2.14",
      "resolved": "https://registry.npmmirror.com/@vue/runtime-core/download/@vue/runtime-core-3.2.14.tgz",
      "integrity": "sha1-jbnWrWaCzVqrDMRlaoqcU+8uLHo=",
      "requires": {
        "@vue/reactivity": "3.2.14",
        "@vue/shared": "3.2.14"
      },
      "dependencies": {
        "@vue/shared": {
          "version": "3.2.14",
          "resolved": "https://registry.npmmirror.com/@vue/shared/download/@vue/shared-3.2.14.tgz",
          "integrity": "sha1-m4ggmKAEuZUSS3V3s1cTWmbZIu8="
        }
      }
    },
    "@vue/runtime-dom": {
      "version": "3.2.14",
      "resolved": "https://registry.npmmirror.com/@vue/runtime-dom/download/@vue/runtime-dom-3.2.14.tgz",
      "integrity": "sha1-yg2WL8ud7DfIkEUzoyRv3FDsrmY=",
      "requires": {
        "@vue/runtime-core": "3.2.14",
        "@vue/shared": "3.2.14",
        "csstype": "^2.6.8"
      },
      "dependencies": {
        "@vue/shared": {
          "version": "3.2.14",
          "resolved": "https://registry.npmmirror.com/@vue/shared/download/@vue/shared-3.2.14.tgz",
          "integrity": "sha1-m4ggmKAEuZUSS3V3s1cTWmbZIu8="
        }
      }
    },
    "@vue/server-renderer": {
      "version": "3.2.14",
      "resolved": "https://registry.npmmirror.com/@vue/server-renderer/download/@vue/server-renderer-3.2.14.tgz",
      "integrity": "sha1-cxz32WZuesbVbYxHanbdJgvw0rQ=",
      "requires": {
        "@vue/compiler-ssr": "3.2.14",
        "@vue/shared": "3.2.14"
      },
      "dependencies": {
        "@vue/compiler-core": {
          "version": "3.2.14",
          "resolved": "https://registry.npmmirror.com/@vue/compiler-core/download/@vue/compiler-core-3.2.14.tgz",
          "integrity": "sha1-CTv1cu4qbH7es6FbEwG5EDde5Pw=",
          "requires": {
            "@babel/parser": "^7.15.0",
            "@vue/shared": "3.2.14",
            "estree-walker": "^2.0.2",
            "source-map": "^0.6.1"
          }
        },
        "@vue/compiler-dom": {
          "version": "3.2.14",
          "resolved": "https://registry.npmmirror.com/@vue/compiler-dom/download/@vue/compiler-dom-3.2.14.tgz",
          "integrity": "sha1-rN2rrpRwTfVDRI4qwx/kdqcNgwc=",
          "requires": {
            "@vue/compiler-core": "3.2.14",
            "@vue/shared": "3.2.14"
          }
        },
        "@vue/compiler-ssr": {
          "version": "3.2.14",
          "resolved": "https://registry.npmmirror.com/@vue/compiler-ssr/download/@vue/compiler-ssr-3.2.14.tgz",
          "integrity": "sha1-dSBMEHldYd0/9FsPmbqXs9hMrhE=",
          "requires": {
            "@vue/compiler-dom": "3.2.14",
            "@vue/shared": "3.2.14"
          }
        },
        "@vue/shared": {
          "version": "3.2.14",
          "resolved": "https://registry.npmmirror.com/@vue/shared/download/@vue/shared-3.2.14.tgz",
          "integrity": "sha1-m4ggmKAEuZUSS3V3s1cTWmbZIu8="
        }
      }
    },
    "@vue/shared": {
      "version": "3.2.14",
      "resolved": "https://registry.npmmirror.com/@vue/shared/download/@vue/shared-3.2.14.tgz",
      "integrity": "sha1-m4ggmKAEuZUSS3V3s1cTWmbZIu8=",
      "dev": true
    },
    "@vueuse/core": {
      "version": "6.1.0",
      "resolved": "https://registry.npmmirror.com/@vueuse/core/download/@vueuse/core-6.1.0.tgz?cache=0&sync_timestamp=1632566708576&other_urls=https%3A%2F%2Fregistry.npmmirror.com%2F%40vueuse%2Fcore%2Fdownload%2F%40vueuse%2Fcore-6.1.0.tgz",
      "integrity": "sha1-gTfCkc9JsRwt7aTVB5CW5Vs2/Cg=",
      "requires": {
        "@vueuse/shared": "6.1.0",
        "vue-demi": "*"
      }
    },
    "@vueuse/shared": {
      "version": "6.1.0",
      "resolved": "https://registry.npmmirror.com/@vueuse/shared/download/@vueuse/shared-6.1.0.tgz?cache=0&sync_timestamp=1632566708471&other_urls=https%3A%2F%2Fregistry.npmmirror.com%2F%40vueuse%2Fshared%2Fdownload%2F%40vueuse%2Fshared-6.1.0.tgz",
      "integrity": "sha1-E3X9Qazv5S+aGELzxqijSHhlNbo=",
      "requires": {
        "vue-demi": "*"
      }
    },
    "async-validator": {
      "version": "4.0.3",
      "resolved": "https://registry.nlark.com/async-validator/download/async-validator-4.0.3.tgz?cache=0&other_urls=https%3A%2F%2Fregistry.nlark.com%2Fasync-validator%2Fdownload%2Fasync-validator-4.0.3.tgz",
      "integrity": "sha1-yOzWso/I4YsUvk7HxwRkH5mdN30="
    },
    "axios": {
      "version": "0.21.4",
      "resolved": "https://registry.nlark.com/axios/download/axios-0.21.4.tgz?cache=0&sync_timestamp=1630942571025&other_urls=https%3A%2F%2Fregistry.nlark.com%2Faxios%2Fdownload%2Faxios-0.21.4.tgz",
      "integrity": "sha1-xnuQ3AVo5cHPKwuFjEO6KOLtpXU=",
      "requires": {
        "follow-redirects": "^1.14.0"
      }
    },
    "clipboard": {
      "version": "2.0.8",
      "resolved": "https://registry.npm.taobao.org/clipboard/download/clipboard-2.0.8.tgz?cache=0&sync_timestamp=1615409953598&other_urls=https%3A%2F%2Fregistry.npm.taobao.org%2Fclipboard%2Fdownload%2Fclipboard-2.0.8.tgz",
      "integrity": "sha1-/8bBA90pZ6gwBfP2GXaqRlWkzbo=",
      "requires": {
        "good-listener": "^1.2.2",
        "select": "^1.1.2",
        "tiny-emitter": "^2.0.0"
      }
    },
    "colorette": {
      "version": "1.3.0",
      "resolved": "https://registry.npmjs.org/colorette/-/colorette-1.3.0.tgz",
      "integrity": "sha512-ecORCqbSFP7Wm8Y6lyqMJjexBQqXSF7SSeaTyGGphogUjBlFP9m9o08wy86HL2uB7fMTxtOUzLMk7ogKcxMg1w=="
    },
    "csstype": {
      "version": "2.6.18",
      "resolved": "https://registry.nlark.com/csstype/download/csstype-2.6.18.tgz?cache=0&sync_timestamp=1631540708034&other_urls=https%3A%2F%2Fregistry.nlark.com%2Fcsstype%2Fdownload%2Fcsstype-2.6.18.tgz",
      "integrity": "sha1-mAqLUwhfNK8xNBCvBk8r0kF4Qhg="
    },
    "dayjs": {
      "version": "1.10.7",
      "resolved": "https://registry.nlark.com/dayjs/download/dayjs-1.10.7.tgz",
      "integrity": "sha1-LPX5Gt0oEWdIRAhmoKHSbzps5Gg="
    },
    "delegate": {
      "version": "3.2.0",
      "resolved": "https://registry.nlark.com/delegate/download/delegate-3.2.0.tgz",
      "integrity": "sha1-tmtxwxWFIuirV0T3INjKDCr1kWY="
    },
    "element-plus": {
      "version": "1.1.0-beta.18",
      "resolved": "https://registry.npmmirror.com/element-plus/download/element-plus-1.1.0-beta.18.tgz",
      "integrity": "sha1-6xbQkQBKYYACx17Ycpkgj22/Zi4=",
      "requires": {
        "@popperjs/core": "^2.10.1",
        "@vueuse/core": "~6.1.0",
        "async-validator": "^4.0.3",
        "dayjs": "^1.10.7",
        "lodash": "^4.17.21",
        "memoize-one": "^5.2.1",
        "normalize-wheel-es": "^1.1.0",
        "resize-observer-polyfill": "^1.5.1"
      }
    },
    "esbuild": {
      "version": "0.12.29",
      "resolved": "https://registry.npmmirror.com/esbuild/download/esbuild-0.12.29.tgz",
      "integrity": "sha1-vmAtt8TceJRKnb3g0eoZ02wfiC0=",
      "dev": true
    },
    "estree-walker": {
      "version": "2.0.2",
      "resolved": "https://registry.npmjs.org/estree-walker/-/estree-walker-2.0.2.tgz",
      "integrity": "sha512-Rfkk/Mp/DL7JVje3u18FxFujQlTNR2q6QfMSMB7AvCBx91NGj/ba3kCfza0f6dVDbw7YlRf/nDrn7pQrCCyQ/w=="
    },
    "follow-redirects": {
      "version": "1.14.4",
      "resolved": "https://registry.nlark.com/follow-redirects/download/follow-redirects-1.14.4.tgz?cache=0&sync_timestamp=1631622163078&other_urls=https%3A%2F%2Fregistry.nlark.com%2Ffollow-redirects%2Fdownload%2Ffollow-redirects-1.14.4.tgz",
      "integrity": "sha1-g4/fSKi73XnlLuUfsclOPtmLk3k="
    },
    "fsevents": {
      "version": "2.3.2",
      "resolved": "https://registry.nlark.com/fsevents/download/fsevents-2.3.2.tgz",
      "integrity": "sha1-ilJveLj99GI7cJ4Ll1xSwkwC/Ro=",
      "dev": true,
      "optional": true
    },
    "function-bind": {
      "version": "1.1.1",
      "resolved": "https://registry.npm.taobao.org/function-bind/download/function-bind-1.1.1.tgz",
      "integrity": "sha1-pWiZ0+o8m6uHS7l3O3xe3pL0iV0=",
      "dev": true
    },
    "good-listener": {
      "version": "1.2.2",
      "resolved": "https://registry.npm.taobao.org/good-listener/download/good-listener-1.2.2.tgz",
      "integrity": "sha1-1TswzfkxPf+33JoNR3CWqm0UXFA=",
      "requires": {
        "delegate": "^3.1.2"
      }
    },
    "has": {
      "version": "1.0.3",
      "resolved": "https://registry.nlark.com/has/download/has-1.0.3.tgz",
      "integrity": "sha1-ci18v8H2qoJB8W3YFOAR4fQeh5Y=",
      "dev": true,
      "requires": {
        "function-bind": "^1.1.1"
      }
    },
    "is-core-module": {
      "version": "2.6.0",
      "resolved": "https://registry.nlark.com/is-core-module/download/is-core-module-2.6.0.tgz?cache=0&sync_timestamp=1629224656971&other_urls=https%3A%2F%2Fregistry.nlark.com%2Fis-core-module%2Fdownload%2Fis-core-module-2.6.0.tgz",
      "integrity": "sha1-11U7JSb+Wbkro+QMjfdX7Ipwnhk=",
      "dev": true,
      "requires": {
        "has": "^1.0.3"
      }
    },
    "lodash": {
      "version": "4.17.21",
      "resolved": "https://registry.nlark.com/lodash/download/lodash-4.17.21.tgz?cache=0&sync_timestamp=1624543041613&other_urls=https%3A%2F%2Fregistry.nlark.com%2Flodash%2Fdownload%2Flodash-4.17.21.tgz",
      "integrity": "sha1-Z5WRxWTDv/quhFTPCz3zcMPWkRw="
    },
    "magic-string": {
      "version": "0.25.7",
      "resolved": "https://registry.npmjs.org/magic-string/-/magic-string-0.25.7.tgz",
      "integrity": "sha512-4CrMT5DOHTDk4HYDlzmwu4FVCcIYI8gauveasrdCu2IKIFOJ3f0v/8MDGJCDL9oD2ppz/Av1b0Nj345H9M+XIA==",
      "requires": {
        "sourcemap-codec": "^1.4.4"
      }
    },
    "memoize-one": {
      "version": "5.2.1",
      "resolved": "https://registry.nlark.com/memoize-one/download/memoize-one-5.2.1.tgz",
      "integrity": "sha1-gzeqPEM1WBg57AHD1ZQJDOvo8A4="
    },
    "nanoid": {
      "version": "3.1.25",
      "resolved": "https://registry.npmjs.org/nanoid/-/nanoid-3.1.25.tgz",
      "integrity": "sha512-rdwtIXaXCLFAQbnfqDRnI6jaRHp9fTcYBjtFKE8eezcZ7LuLjhUaQGNeMXf1HmRoCH32CLz6XwX0TtxEOS/A3Q=="
    },
    "normalize-wheel-es": {
      "version": "1.1.0",
      "resolved": "https://registry.npmmirror.com/normalize-wheel-es/download/normalize-wheel-es-1.1.0.tgz",
      "integrity": "sha1-2wF68d1dTGIiwHrji8IkBJ0lhh4="
    },
    "path-parse": {
      "version": "1.0.7",
      "resolved": "https://registry.nlark.com/path-parse/download/path-parse-1.0.7.tgz",
      "integrity": "sha1-+8EUtgykKzDZ2vWFjkvWi77bZzU=",
      "dev": true
    },
    "postcss": {
      "version": "8.3.6",
      "resolved": "https://registry.npmjs.org/postcss/-/postcss-8.3.6.tgz",
      "integrity": "sha512-wG1cc/JhRgdqB6WHEuyLTedf3KIRuD0hG6ldkFEZNCjRxiC+3i6kkWUUbiJQayP28iwG35cEmAbe98585BYV0A==",
      "requires": {
        "colorette": "^1.2.2",
        "nanoid": "^3.1.23",
        "source-map-js": "^0.6.2"
      }
    },
    "resize-observer-polyfill": {
      "version": "1.5.1",
      "resolved": "https://registry.nlark.com/resize-observer-polyfill/download/resize-observer-polyfill-1.5.1.tgz",
      "integrity": "sha1-DpAg3T0hAkRY1OvSfiPkAmmBBGQ="
    },
    "resolve": {
      "version": "1.20.0",
      "resolved": "https://registry.npm.taobao.org/resolve/download/resolve-1.20.0.tgz",
      "integrity": "sha1-YpoBP7P3B1XW8LeTXMHCxTeLGXU=",
      "dev": true,
      "requires": {
        "is-core-module": "^2.2.0",
        "path-parse": "^1.0.6"
      }
    },
    "rollup": {
      "version": "2.57.0",
      "resolved": "https://registry.nlark.com/rollup/download/rollup-2.57.0.tgz?cache=0&sync_timestamp=1632285942380&other_urls=https%3A%2F%2Fregistry.nlark.com%2Frollup%2Fdownload%2Frollup-2.57.0.tgz",
      "integrity": "sha1-wWlEdesi4QIkd8D0Y1/QrIBxMXM=",
      "dev": true,
      "requires": {
        "fsevents": "~2.3.2"
      }
    },
    "select": {
      "version": "1.1.2",
      "resolved": "https://registry.nlark.com/select/download/select-1.1.2.tgz",
      "integrity": "sha1-DnNQrN7ICxEIUoeG7B1EGNEbOW0="
    },
    "source-map": {
      "version": "0.6.1",
      "resolved": "https://registry.npmjs.org/source-map/-/source-map-0.6.1.tgz",
      "integrity": "sha512-UjgapumWlbMhkBgzT7Ykc5YXUT46F0iKu8SGXq0bcwP5dz/h0Plj6enJqjz1Zbq2l5WaqYnrVbwWOWMyF3F47g=="
    },
    "source-map-js": {
      "version": "0.6.2",
      "resolved": "https://registry.npmjs.org/source-map-js/-/source-map-js-0.6.2.tgz",
      "integrity": "sha512-/3GptzWzu0+0MBQFrDKzw/DvvMTUORvgY6k6jd/VS6iCR4RDTKWH6v6WPwQoUO8667uQEf9Oe38DxAYWY5F/Ug=="
    },
    "sourcemap-codec": {
      "version": "1.4.8",
      "resolved": "https://registry.npmjs.org/sourcemap-codec/-/sourcemap-codec-1.4.8.tgz",
      "integrity": "sha512-9NykojV5Uih4lgo5So5dtw+f0JgJX30KCNI8gwhz2J9A15wD0Ml6tjHKwf6fTSa6fAdVBdZeNOs9eJ71qCk8vA=="
    },
    "tiny-emitter": {
      "version": "2.1.0",
      "resolved": "https://registry.nlark.com/tiny-emitter/download/tiny-emitter-2.1.0.tgz",
      "integrity": "sha1-HRpW7fxRxD6GPLtTgqcjMONVVCM="
    },
    "vite": {
      "version": "2.5.10",
      "resolved": "https://registry.nlark.com/vite/download/vite-2.5.10.tgz",
      "integrity": "sha1-xZjjtafhlW/8Uus7NCDRd/wu0qU=",
      "dev": true,
      "requires": {
        "esbuild": "^0.12.17",
        "fsevents": "~2.3.2",
        "postcss": "^8.3.6",
        "resolve": "^1.20.0",
        "rollup": "^2.38.5"
      }
    },
    "vue": {
      "version": "3.2.14",
      "resolved": "https://registry.npmmirror.com/vue/download/vue-3.2.14.tgz",
      "integrity": "sha1-2ld0M/t08yjtWCVccopqG/GW0zc=",
      "requires": {
        "@vue/compiler-dom": "3.2.14",
        "@vue/compiler-sfc": "3.2.14",
        "@vue/runtime-dom": "3.2.14",
        "@vue/server-renderer": "3.2.14",
        "@vue/shared": "3.2.14"
      },
      "dependencies": {
        "@vue/compiler-core": {
          "version": "3.2.14",
          "resolved": "https://registry.npmmirror.com/@vue/compiler-core/download/@vue/compiler-core-3.2.14.tgz",
          "integrity": "sha1-CTv1cu4qbH7es6FbEwG5EDde5Pw=",
          "requires": {
            "@babel/parser": "^7.15.0",
            "@vue/shared": "3.2.14",
            "estree-walker": "^2.0.2",
            "source-map": "^0.6.1"
          }
        },
        "@vue/compiler-dom": {
          "version": "3.2.14",
          "resolved": "https://registry.npmmirror.com/@vue/compiler-dom/download/@vue/compiler-dom-3.2.14.tgz",
          "integrity": "sha1-rN2rrpRwTfVDRI4qwx/kdqcNgwc=",
          "requires": {
            "@vue/compiler-core": "3.2.14",
            "@vue/shared": "3.2.14"
          }
        },
        "@vue/compiler-sfc": {
          "version": "3.2.14",
          "resolved": "https://registry.npmmirror.com/@vue/compiler-sfc/download/@vue/compiler-sfc-3.2.14.tgz",
          "integrity": "sha1-9I7v6MM1AtWGHMG7/l/Svw5n0tI=",
          "requires": {
            "@babel/parser": "^7.15.0",
            "@vue/compiler-core": "3.2.14",
            "@vue/compiler-dom": "3.2.14",
            "@vue/compiler-ssr": "3.2.14",
            "@vue/ref-transform": "3.2.14",
            "@vue/shared": "3.2.14",
            "estree-walker": "^2.0.2",
            "magic-string": "^0.25.7",
            "postcss": "^8.1.10",
            "source-map": "^0.6.1"
          }
        },
        "@vue/compiler-ssr": {
          "version": "3.2.14",
          "resolved": "https://registry.npmmirror.com/@vue/compiler-ssr/download/@vue/compiler-ssr-3.2.14.tgz",
          "integrity": "sha1-dSBMEHldYd0/9FsPmbqXs9hMrhE=",
          "requires": {
            "@vue/compiler-dom": "3.2.14",
            "@vue/shared": "3.2.14"
          }
        },
        "@vue/ref-transform": {
          "version": "3.2.14",
          "resolved": "https://registry.npmmirror.com/@vue/ref-transform/download/@vue/ref-transform-3.2.14.tgz",
          "integrity": "sha1-qnPLmasI1PyAjrpjO5wC2VTNoxo=",
          "requires": {
            "@babel/parser": "^7.15.0",
            "@vue/compiler-core": "3.2.14",
            "@vue/shared": "3.2.14",
            "estree-walker": "^2.0.2",
            "magic-string": "^0.25.7"
          }
        },
        "@vue/shared": {
          "version": "3.2.14",
          "resolved": "https://registry.npmmirror.com/@vue/shared/download/@vue/shared-3.2.14.tgz",
          "integrity": "sha1-m4ggmKAEuZUSS3V3s1cTWmbZIu8="
        }
      }
    },
    "vue-clipboard3": {
      "version": "1.0.1",
      "resolved": "https://registry.nlark.com/vue-clipboard3/download/vue-clipboard3-1.0.1.tgz",
      "integrity": "sha1-OeMfv0HxHTcBszcuOKf7g7SEeWo=",
      "requires": {
        "clipboard": "^2.0.6"
      }
    },
    "vue-demi": {
      "version": "0.11.4",
      "resolved": "https://registry.nlark.com/vue-demi/download/vue-demi-0.11.4.tgz",
      "integrity": "sha1-YQGZL+RyTPVjQBihbpU/MFLpTio="
    },
    "vue-draggable-next": {
      "version": "2.0.1",
      "resolved": "https://registry.nlark.com/vue-draggable-next/download/vue-draggable-next-2.0.1.tgz",
      "integrity": "sha1-u2TvswLHuOdZ/T8hQnhxeJtiTGc="
    },
    "vue-router": {
      "version": "4.0.11",
      "resolved": "https://registry.nlark.com/vue-router/download/vue-router-4.0.11.tgz",
      "integrity": "sha1-zWSaCUHGNSgXY6IJZbWZZD3caO0=",
      "requires": {
        "@vue/devtools-api": "^6.0.0-beta.14"
      }
    },
    "vuex": {
      "version": "4.0.2",
      "resolved": "https://registry.nlark.com/vuex/download/vuex-4.0.2.tgz?cache=0&sync_timestamp=1623945218026&other_urls=https%3A%2F%2Fregistry.nlark.com%2Fvuex%2Fdownload%2Fvuex-4.0.2.tgz",
      "integrity": "sha1-+Jbb1b8qDpY/AMZ+m2EN50nMrMk=",
      "requires": {
        "@vue/devtools-api": "^6.0.0-beta.11"
      }
    }
  }
}
